
Microsoft Visual Studio Solution File, Format Version 12.00
# Visual Studio 14
VisualStudioVersion = 14.0.25420.1
MinimumVisualStudioVersion = 10.0.40219.1
Project("{FAE04EC0-301F-11D3-BF4B-00C04F79EFBC}") = "QSF.iOS", "QSF\QSF.iOS\QSF.iOS.csproj", "{350ED605-C7FD-40F2-94E2-D051294F6565}"
EndProject
Project("{FAE04EC0-301F-11D3-BF4B-00C04F79EFBC}") = "QSF.Droid", "QSF\QSF.Droid\QSF.Droid.csproj", "{8379CB10-EC52-47C8-8373-ABF4B689FDC7}"
EndProject
Project("{FAE04EC0-301F-11D3-BF4B-00C04F79EFBC}") = "Examples", "Examples\Examples.csproj", "{FA006612-B229-48F8-9DF9-599B501EFEF0}"
EndProject
Project("{2150E333-8FDC-42A3-9474-1A3956D46DE8}") = ".nuget", ".nuget", "{8A326B12-2C79-455F-AFDC-E217C09E35EB}"
	ProjectSection(SolutionItems) = preProject
		.nuget\NuGet.Config = .nuget\NuGet.Config
		.nuget\NuGet.exe = .nuget\NuGet.exe
		.nuget\NuGet.targets = .nuget\NuGet.targets
	EndProjectSection
EndProject
Project("{FAE04EC0-301F-11D3-BF4B-00C04F79EFBC}") = "QSF.UWP", "QSF\QSF.UWP\QSF.UWP.csproj", "{D3038AE5-28B5-4B2F-A988-999BB0FE218F}"
EndProject
Global
	GlobalSection(SolutionConfigurationPlatforms) = preSolution
		Ad-Hoc|Any CPU = Ad-Hoc|Any CPU
		Ad-Hoc|ARM = Ad-Hoc|ARM
		Ad-Hoc|iPhone = Ad-Hoc|iPhone
		Ad-Hoc|iPhoneSimulator = Ad-Hoc|iPhoneSimulator
		Ad-Hoc|Mixed Platforms = Ad-Hoc|Mixed Platforms
		Ad-Hoc|x64 = Ad-Hoc|x64
		Ad-Hoc|x86 = Ad-Hoc|x86
		AppStore|Any CPU = AppStore|Any CPU
		AppStore|ARM = AppStore|ARM
		AppStore|iPhone = AppStore|iPhone
		AppStore|iPhoneSimulator = AppStore|iPhoneSimulator
		AppStore|Mixed Platforms = AppStore|Mixed Platforms
		AppStore|x64 = AppStore|x64
		AppStore|x86 = AppStore|x86
		Debug|Any CPU = Debug|Any CPU
		Debug|ARM = Debug|ARM
		Debug|iPhone = Debug|iPhone
		Debug|iPhoneSimulator = Debug|iPhoneSimulator
		Debug|Mixed Platforms = Debug|Mixed Platforms
		Debug|x64 = Debug|x64
		Debug|x86 = Debug|x86
		Release|Any CPU = Release|Any CPU
		Release|ARM = Release|ARM
		Release|iPhone = Release|iPhone
		Release|iPhoneSimulator = Release|iPhoneSimulator
		Release|Mixed Platforms = Release|Mixed Platforms
		Release|x64 = Release|x64
		Release|x86 = Release|x86
	EndGlobalSection
	GlobalSection(ProjectConfigurationPlatforms) = postSolution
		{350ED605-C7FD-40F2-94E2-D051294F6565}.Ad-Hoc|Any CPU.ActiveCfg = Ad-Hoc|iPhone
		{350ED605-C7FD-40F2-94E2-D051294F6565}.Ad-Hoc|ARM.ActiveCfg = Ad-Hoc|iPhone
		{350ED605-C7FD-40F2-94E2-D051294F6565}.Ad-Hoc|iPhone.ActiveCfg = Ad-Hoc|iPhone
		{350ED605-C7FD-40F2-94E2-D051294F6565}.Ad-Hoc|iPhone.Build.0 = Ad-Hoc|iPhone
		{350ED605-C7FD-40F2-94E2-D051294F6565}.Ad-Hoc|iPhoneSimulator.ActiveCfg = Ad-Hoc|iPhoneSimulator
		{350ED605-C7FD-40F2-94E2-D051294F6565}.Ad-Hoc|iPhoneSimulator.Build.0 = Ad-Hoc|iPhoneSimulator
		{350ED605-C7FD-40F2-94E2-D051294F6565}.Ad-Hoc|Mixed Platforms.ActiveCfg = Ad-Hoc|iPhone
		{350ED605-C7FD-40F2-94E2-D051294F6565}.Ad-Hoc|Mixed Platforms.Build.0 = Ad-Hoc|iPhone
		{350ED605-C7FD-40F2-94E2-D051294F6565}.Ad-Hoc|x64.ActiveCfg = Ad-Hoc|iPhoneSimulator
		{350ED605-C7FD-40F2-94E2-D051294F6565}.Ad-Hoc|x86.ActiveCfg = Ad-Hoc|iPhone
		{350ED605-C7FD-40F2-94E2-D051294F6565}.Ad-Hoc|x86.Build.0 = Ad-Hoc|iPhone
		{350ED605-C7FD-40F2-94E2-D051294F6565}.AppStore|Any CPU.ActiveCfg = AppStore|iPhone
		{350ED605-C7FD-40F2-94E2-D051294F6565}.AppStore|ARM.ActiveCfg = AppStore|iPhone
		{350ED605-C7FD-40F2-94E2-D051294F6565}.AppStore|iPhone.ActiveCfg = AppStore|iPhone
		{350ED605-C7FD-40F2-94E2-D051294F6565}.AppStore|iPhone.Build.0 = AppStore|iPhone
		{350ED605-C7FD-40F2-94E2-D051294F6565}.AppStore|iPhoneSimulator.ActiveCfg = AppStore|iPhoneSimulator
		{350ED605-C7FD-40F2-94E2-D051294F6565}.AppStore|iPhoneSimulator.Build.0 = AppStore|iPhoneSimulator
		{350ED605-C7FD-40F2-94E2-D051294F6565}.AppStore|Mixed Platforms.ActiveCfg = AppStore|iPhone
		{350ED605-C7FD-40F2-94E2-D051294F6565}.AppStore|Mixed Platforms.Build.0 = AppStore|iPhone
		{350ED605-C7FD-40F2-94E2-D051294F6565}.AppStore|x64.ActiveCfg = AppStore|iPhoneSimulator
		{350ED605-C7FD-40F2-94E2-D051294F6565}.AppStore|x86.ActiveCfg = AppStore|iPhone
		{350ED605-C7FD-40F2-94E2-D051294F6565}.AppStore|x86.Build.0 = AppStore|iPhone
		{350ED605-C7FD-40F2-94E2-D051294F6565}.Debug|Any CPU.ActiveCfg = Debug|iPhoneSimulator
		{350ED605-C7FD-40F2-94E2-D051294F6565}.Debug|Any CPU.Build.0 = Debug|iPhoneSimulator
		{350ED605-C7FD-40F2-94E2-D051294F6565}.Debug|Any CPU.Deploy.0 = Debug|iPhoneSimulator
		{350ED605-C7FD-40F2-94E2-D051294F6565}.Debug|ARM.ActiveCfg = Debug|iPhone
		{350ED605-C7FD-40F2-94E2-D051294F6565}.Debug|iPhone.ActiveCfg = Debug|iPhone
		{350ED605-C7FD-40F2-94E2-D051294F6565}.Debug|iPhone.Build.0 = Debug|iPhone
		{350ED605-C7FD-40F2-94E2-D051294F6565}.Debug|iPhoneSimulator.ActiveCfg = Debug|iPhoneSimulator
		{350ED605-C7FD-40F2-94E2-D051294F6565}.Debug|iPhoneSimulator.Build.0 = Debug|iPhoneSimulator
		{350ED605-C7FD-40F2-94E2-D051294F6565}.Debug|Mixed Platforms.ActiveCfg = Debug|iPhoneSimulator
		{350ED605-C7FD-40F2-94E2-D051294F6565}.Debug|Mixed Platforms.Build.0 = Debug|iPhoneSimulator
		{350ED605-C7FD-40F2-94E2-D051294F6565}.Debug|x64.ActiveCfg = Debug|iPhoneSimulator
		{350ED605-C7FD-40F2-94E2-D051294F6565}.Debug|x86.ActiveCfg = Debug|iPhone
		{350ED605-C7FD-40F2-94E2-D051294F6565}.Release|Any CPU.ActiveCfg = Release|iPhone
		{350ED605-C7FD-40F2-94E2-D051294F6565}.Release|ARM.ActiveCfg = Release|iPhone
		{350ED605-C7FD-40F2-94E2-D051294F6565}.Release|iPhone.ActiveCfg = Release|iPhone
		{350ED605-C7FD-40F2-94E2-D051294F6565}.Release|iPhone.Build.0 = Release|iPhone
		{350ED605-C7FD-40F2-94E2-D051294F6565}.Release|iPhoneSimulator.ActiveCfg = Release|iPhoneSimulator
		{350ED605-C7FD-40F2-94E2-D051294F6565}.Release|iPhoneSimulator.Build.0 = Release|iPhoneSimulator
		{350ED605-C7FD-40F2-94E2-D051294F6565}.Release|Mixed Platforms.ActiveCfg = Release|iPhoneSimulator
		{350ED605-C7FD-40F2-94E2-D051294F6565}.Release|Mixed Platforms.Build.0 = Release|iPhoneSimulator
		{350ED605-C7FD-40F2-94E2-D051294F6565}.Release|x64.ActiveCfg = Release|iPhoneSimulator
		{350ED605-C7FD-40F2-94E2-D051294F6565}.Release|x86.ActiveCfg = Release|iPhone
		{8379CB10-EC52-47C8-8373-ABF4B689FDC7}.Ad-Hoc|Any CPU.ActiveCfg = Release|Any CPU
		{8379CB10-EC52-47C8-8373-ABF4B689FDC7}.Ad-Hoc|Any CPU.Build.0 = Release|Any CPU
		{8379CB10-EC52-47C8-8373-ABF4B689FDC7}.Ad-Hoc|Any CPU.Deploy.0 = Release|Any CPU
		{8379CB10-EC52-47C8-8373-ABF4B689FDC7}.Ad-Hoc|ARM.ActiveCfg = Release|Any CPU
		{8379CB10-EC52-47C8-8373-ABF4B689FDC7}.Ad-Hoc|iPhone.ActiveCfg = Release|Any CPU
		{8379CB10-EC52-47C8-8373-ABF4B689FDC7}.Ad-Hoc|iPhoneSimulator.ActiveCfg = Release|Any CPU
		{8379CB10-EC52-47C8-8373-ABF4B689FDC7}.Ad-Hoc|Mixed Platforms.ActiveCfg = Release|Any CPU
		{8379CB10-EC52-47C8-8373-ABF4B689FDC7}.Ad-Hoc|Mixed Platforms.Build.0 = Release|Any CPU
		{8379CB10-EC52-47C8-8373-ABF4B689FDC7}.Ad-Hoc|Mixed Platforms.Deploy.0 = Release|Any CPU
		{8379CB10-EC52-47C8-8373-ABF4B689FDC7}.Ad-Hoc|x64.ActiveCfg = Debug|Any CPU
		{8379CB10-EC52-47C8-8373-ABF4B689FDC7}.Ad-Hoc|x64.Build.0 = Debug|Any CPU
		{8379CB10-EC52-47C8-8373-ABF4B689FDC7}.Ad-Hoc|x64.Deploy.0 = Debug|Any CPU
		{8379CB10-EC52-47C8-8373-ABF4B689FDC7}.Ad-Hoc|x86.ActiveCfg = Release|Any CPU
		{8379CB10-EC52-47C8-8373-ABF4B689FDC7}.AppStore|Any CPU.ActiveCfg = Release|Any CPU
		{8379CB10-EC52-47C8-8373-ABF4B689FDC7}.AppStore|Any CPU.Build.0 = Release|Any CPU
		{8379CB10-EC52-47C8-8373-ABF4B689FDC7}.AppStore|Any CPU.Deploy.0 = Release|Any CPU
		{8379CB10-EC52-47C8-8373-ABF4B689FDC7}.AppStore|ARM.ActiveCfg = Release|Any CPU
		{8379CB10-EC52-47C8-8373-ABF4B689FDC7}.AppStore|iPhone.ActiveCfg = Release|Any CPU
		{8379CB10-EC52-47C8-8373-ABF4B689FDC7}.AppStore|iPhoneSimulator.ActiveCfg = Release|Any CPU
		{8379CB10-EC52-47C8-8373-ABF4B689FDC7}.AppStore|Mixed Platforms.ActiveCfg = Release|Any CPU
		{8379CB10-EC52-47C8-8373-ABF4B689FDC7}.AppStore|Mixed Platforms.Build.0 = Release|Any CPU
		{8379CB10-EC52-47C8-8373-ABF4B689FDC7}.AppStore|Mixed Platforms.Deploy.0 = Release|Any CPU
		{8379CB10-EC52-47C8-8373-ABF4B689FDC7}.AppStore|x64.ActiveCfg = Debug|Any CPU
		{8379CB10-EC52-47C8-8373-ABF4B689FDC7}.AppStore|x64.Build.0 = Debug|Any CPU
		{8379CB10-EC52-47C8-8373-ABF4B689FDC7}.AppStore|x64.Deploy.0 = Debug|Any CPU
		{8379CB10-EC52-47C8-8373-ABF4B689FDC7}.AppStore|x86.ActiveCfg = Release|Any CPU
		{8379CB10-EC52-47C8-8373-ABF4B689FDC7}.Debug|Any CPU.ActiveCfg = Debug|Any CPU
		{8379CB10-EC52-47C8-8373-ABF4B689FDC7}.Debug|Any CPU.Build.0 = Debug|Any CPU
		{8379CB10-EC52-47C8-8373-ABF4B689FDC7}.Debug|Any CPU.Deploy.0 = Debug|Any CPU
		{8379CB10-EC52-47C8-8373-ABF4B689FDC7}.Debug|ARM.ActiveCfg = Debug|Any CPU
		{8379CB10-EC52-47C8-8373-ABF4B689FDC7}.Debug|ARM.Build.0 = Debug|Any CPU
		{8379CB10-EC52-47C8-8373-ABF4B689FDC7}.Debug|ARM.Deploy.0 = Debug|Any CPU
		{8379CB10-EC52-47C8-8373-ABF4B689FDC7}.Debug|iPhone.ActiveCfg = Debug|Any CPU
		{8379CB10-EC52-47C8-8373-ABF4B689FDC7}.Debug|iPhoneSimulator.ActiveCfg = Debug|Any CPU
		{8379CB10-EC52-47C8-8373-ABF4B689FDC7}.Debug|Mixed Platforms.ActiveCfg = Debug|Any CPU
		{8379CB10-EC52-47C8-8373-ABF4B689FDC7}.Debug|Mixed Platforms.Build.0 = Debug|Any CPU
		{8379CB10-EC52-47C8-8373-ABF4B689FDC7}.Debug|Mixed Platforms.Deploy.0 = Debug|Any CPU
		{8379CB10-EC52-47C8-8373-ABF4B689FDC7}.Debug|x64.ActiveCfg = Debug|Any CPU
		{8379CB10-EC52-47C8-8373-ABF4B689FDC7}.Debug|x64.Build.0 = Debug|Any CPU
		{8379CB10-EC52-47C8-8373-ABF4B689FDC7}.Debug|x64.Deploy.0 = Debug|Any CPU
		{8379CB10-EC52-47C8-8373-ABF4B689FDC7}.Debug|x86.ActiveCfg = Debug|Any CPU
		{8379CB10-EC52-47C8-8373-ABF4B689FDC7}.Debug|x86.Build.0 = Debug|Any CPU
		{8379CB10-EC52-47C8-8373-ABF4B689FDC7}.Debug|x86.Deploy.0 = Debug|Any CPU
		{8379CB10-EC52-47C8-8373-ABF4B689FDC7}.Release|Any CPU.ActiveCfg = Release|Any CPU
		{8379CB10-EC52-47C8-8373-ABF4B689FDC7}.Release|Any CPU.Build.0 = Release|Any CPU
		{8379CB10-EC52-47C8-8373-ABF4B689FDC7}.Release|Any CPU.Deploy.0 = Release|Any CPU
		{8379CB10-EC52-47C8-8373-ABF4B689FDC7}.Release|ARM.ActiveCfg = Release|Any CPU
		{8379CB10-EC52-47C8-8373-ABF4B689FDC7}.Release|ARM.Build.0 = Release|Any CPU
		{8379CB10-EC52-47C8-8373-ABF4B689FDC7}.Release|ARM.Deploy.0 = Release|Any CPU
		{8379CB10-EC52-47C8-8373-ABF4B689FDC7}.Release|iPhone.ActiveCfg = Release|Any CPU
		{8379CB10-EC52-47C8-8373-ABF4B689FDC7}.Release|iPhoneSimulator.ActiveCfg = Release|Any CPU
		{8379CB10-EC52-47C8-8373-ABF4B689FDC7}.Release|Mixed Platforms.ActiveCfg = Release|Any CPU
		{8379CB10-EC52-47C8-8373-ABF4B689FDC7}.Release|Mixed Platforms.Build.0 = Release|Any CPU
		{8379CB10-EC52-47C8-8373-ABF4B689FDC7}.Release|Mixed Platforms.Deploy.0 = Release|Any CPU
		{8379CB10-EC52-47C8-8373-ABF4B689FDC7}.Release|x64.ActiveCfg = Release|Any CPU
		{8379CB10-EC52-47C8-8373-ABF4B689FDC7}.Release|x64.Build.0 = Release|Any CPU
		{8379CB10-EC52-47C8-8373-ABF4B689FDC7}.Release|x64.Deploy.0 = Release|Any CPU
		{8379CB10-EC52-47C8-8373-ABF4B689FDC7}.Release|x86.ActiveCfg = Release|Any CPU
		{8379CB10-EC52-47C8-8373-ABF4B689FDC7}.Release|x86.Build.0 = Release|Any CPU
		{8379CB10-EC52-47C8-8373-ABF4B689FDC7}.Release|x86.Deploy.0 = Release|Any CPU
		{FA006612-B229-48F8-9DF9-599B501EFEF0}.Ad-Hoc|Any CPU.ActiveCfg = Release|Any CPU
		{FA006612-B229-48F8-9DF9-599B501EFEF0}.Ad-Hoc|Any CPU.Build.0 = Release|Any CPU
		{FA006612-B229-48F8-9DF9-599B501EFEF0}.Ad-Hoc|ARM.ActiveCfg = Release|Any CPU
		{FA006612-B229-48F8-9DF9-599B501EFEF0}.Ad-Hoc|iPhone.ActiveCfg = Release|Any CPU
		{FA006612-B229-48F8-9DF9-599B501EFEF0}.Ad-Hoc|iPhone.Build.0 = Release|Any CPU
		{FA006612-B229-48F8-9DF9-599B501EFEF0}.Ad-Hoc|iPhoneSimulator.ActiveCfg = Release|Any CPU
		{FA006612-B229-48F8-9DF9-599B501EFEF0}.Ad-Hoc|iPhoneSimulator.Build.0 = Release|Any CPU
		{FA006612-B229-48F8-9DF9-599B501EFEF0}.Ad-Hoc|Mixed Platforms.ActiveCfg = Release|Any CPU
		{FA006612-B229-48F8-9DF9-599B501EFEF0}.Ad-Hoc|Mixed Platforms.Build.0 = Release|Any CPU
		{FA006612-B229-48F8-9DF9-599B501EFEF0}.Ad-Hoc|x64.ActiveCfg = Debug|Any CPU
		{FA006612-B229-48F8-9DF9-599B501EFEF0}.Ad-Hoc|x64.Build.0 = Debug|Any CPU
		{FA006612-B229-48F8-9DF9-599B501EFEF0}.Ad-Hoc|x86.ActiveCfg = Release|Any CPU
		{FA006612-B229-48F8-9DF9-599B501EFEF0}.Ad-Hoc|x86.Build.0 = Release|Any CPU
		{FA006612-B229-48F8-9DF9-599B501EFEF0}.AppStore|Any CPU.ActiveCfg = Release|Any CPU
		{FA006612-B229-48F8-9DF9-599B501EFEF0}.AppStore|Any CPU.Build.0 = Release|Any CPU
		{FA006612-B229-48F8-9DF9-599B501EFEF0}.AppStore|ARM.ActiveCfg = Release|Any CPU
		{FA006612-B229-48F8-9DF9-599B501EFEF0}.AppStore|iPhone.ActiveCfg = Release|Any CPU
		{FA006612-B229-48F8-9DF9-599B501EFEF0}.AppStore|iPhone.Build.0 = Release|Any CPU
		{FA006612-B229-48F8-9DF9-599B501EFEF0}.AppStore|iPhoneSimulator.ActiveCfg = Release|Any CPU
		{FA006612-B229-48F8-9DF9-599B501EFEF0}.AppStore|iPhoneSimulator.Build.0 = Release|Any CPU
		{FA006612-B229-48F8-9DF9-599B501EFEF0}.AppStore|Mixed Platforms.ActiveCfg = Release|Any CPU
		{FA006612-B229-48F8-9DF9-599B501EFEF0}.AppStore|Mixed Platforms.Build.0 = Release|Any CPU
		{FA006612-B229-48F8-9DF9-599B501EFEF0}.AppStore|x64.ActiveCfg = Debug|Any CPU
		{FA006612-B229-48F8-9DF9-599B501EFEF0}.AppStore|x64.Build.0 = Debug|Any CPU
		{FA006612-B229-48F8-9DF9-599B501EFEF0}.AppStore|x86.ActiveCfg = Release|Any CPU
		{FA006612-B229-48F8-9DF9-599B501EFEF0}.AppStore|x86.Build.0 = Release|Any CPU
		{FA006612-B229-48F8-9DF9-599B501EFEF0}.Debug|Any CPU.ActiveCfg = Debug|Any CPU
		{FA006612-B229-48F8-9DF9-599B501EFEF0}.Debug|Any CPU.Build.0 = Debug|Any CPU
		{FA006612-B229-48F8-9DF9-599B501EFEF0}.Debug|Any CPU.Deploy.0 = Debug|Any CPU
		{FA006612-B229-48F8-9DF9-599B501EFEF0}.Debug|ARM.ActiveCfg = Debug|Any CPU
		{FA006612-B229-48F8-9DF9-599B501EFEF0}.Debug|ARM.Build.0 = Debug|Any CPU
		{FA006612-B229-48F8-9DF9-599B501EFEF0}.Debug|iPhone.ActiveCfg = Debug|Any CPU
		{FA006612-B229-48F8-9DF9-599B501EFEF0}.Debug|iPhone.Build.0 = Debug|Any CPU
		{FA006612-B229-48F8-9DF9-599B501EFEF0}.Debug|iPhoneSimulator.ActiveCfg = Debug|Any CPU
		{FA006612-B229-48F8-9DF9-599B501EFEF0}.Debug|iPhoneSimulator.Build.0 = Debug|Any CPU
		{FA006612-B229-48F8-9DF9-599B501EFEF0}.Debug|Mixed Platforms.ActiveCfg = Debug|Any CPU
		{FA006612-B229-48F8-9DF9-599B501EFEF0}.Debug|Mixed Platforms.Build.0 = Debug|Any CPU
		{FA006612-B229-48F8-9DF9-599B501EFEF0}.Debug|x64.ActiveCfg = Debug|Any CPU
		{FA006612-B229-48F8-9DF9-599B501EFEF0}.Debug|x64.Build.0 = Debug|Any CPU
		{FA006612-B229-48F8-9DF9-599B501EFEF0}.Debug|x86.ActiveCfg = Debug|Any CPU
		{FA006612-B229-48F8-9DF9-599B501EFEF0}.Debug|x86.Build.0 = Debug|Any CPU
		{FA006612-B229-48F8-9DF9-599B501EFEF0}.Release|Any CPU.ActiveCfg = Release|Any CPU
		{FA006612-B229-48F8-9DF9-599B501EFEF0}.Release|Any CPU.Build.0 = Release|Any CPU
		{FA006612-B229-48F8-9DF9-599B501EFEF0}.Release|ARM.ActiveCfg = Release|Any CPU
		{FA006612-B229-48F8-9DF9-599B501EFEF0}.Release|ARM.Build.0 = Release|Any CPU
		{FA006612-B229-48F8-9DF9-599B501EFEF0}.Release|iPhone.ActiveCfg = Release|Any CPU
		{FA006612-B229-48F8-9DF9-599B501EFEF0}.Release|iPhone.Build.0 = Release|Any CPU
		{FA006612-B229-48F8-9DF9-599B501EFEF0}.Release|iPhoneSimulator.ActiveCfg = Release|Any CPU
		{FA006612-B229-48F8-9DF9-599B501EFEF0}.Release|iPhoneSimulator.Build.0 = Release|Any CPU
		{FA006612-B229-48F8-9DF9-599B501EFEF0}.Release|Mixed Platforms.ActiveCfg = Release|Any CPU
		{FA006612-B229-48F8-9DF9-599B501EFEF0}.Release|Mixed Platforms.Build.0 = Release|Any CPU
		{FA006612-B229-48F8-9DF9-599B501EFEF0}.Release|x64.ActiveCfg = Release|Any CPU
		{FA006612-B229-48F8-9DF9-599B501EFEF0}.Release|x64.Build.0 = Release|Any CPU
		{FA006612-B229-48F8-9DF9-599B501EFEF0}.Release|x86.ActiveCfg = Release|Any CPU
		{FA006612-B229-48F8-9DF9-599B501EFEF0}.Release|x86.Build.0 = Release|Any CPU
		{D3038AE5-28B5-4B2F-A988-999BB0FE218F}.Ad-Hoc|Any CPU.ActiveCfg = Release|x64
		{D3038AE5-28B5-4B2F-A988-999BB0FE218F}.Ad-Hoc|Any CPU.Build.0 = Release|x64
		{D3038AE5-28B5-4B2F-A988-999BB0FE218F}.Ad-Hoc|Any CPU.Deploy.0 = Release|x64
		{D3038AE5-28B5-4B2F-A988-999BB0FE218F}.Ad-Hoc|ARM.ActiveCfg = Release|ARM
		{D3038AE5-28B5-4B2F-A988-999BB0FE218F}.Ad-Hoc|ARM.Build.0 = Release|ARM
		{D3038AE5-28B5-4B2F-A988-999BB0FE218F}.Ad-Hoc|ARM.Deploy.0 = Release|ARM
		{D3038AE5-28B5-4B2F-A988-999BB0FE218F}.Ad-Hoc|iPhone.ActiveCfg = Release|x64
		{D3038AE5-28B5-4B2F-A988-999BB0FE218F}.Ad-Hoc|iPhoneSimulator.ActiveCfg = Release|x64
		{D3038AE5-28B5-4B2F-A988-999BB0FE218F}.Ad-Hoc|Mixed Platforms.ActiveCfg = Release|x86
		{D3038AE5-28B5-4B2F-A988-999BB0FE218F}.Ad-Hoc|Mixed Platforms.Build.0 = Release|x86
		{D3038AE5-28B5-4B2F-A988-999BB0FE218F}.Ad-Hoc|Mixed Platforms.Deploy.0 = Release|x86
		{D3038AE5-28B5-4B2F-A988-999BB0FE218F}.Ad-Hoc|x64.ActiveCfg = Release|x64
		{D3038AE5-28B5-4B2F-A988-999BB0FE218F}.Ad-Hoc|x64.Build.0 = Release|x64
		{D3038AE5-28B5-4B2F-A988-999BB0FE218F}.Ad-Hoc|x64.Deploy.0 = Release|x64
		{D3038AE5-28B5-4B2F-A988-999BB0FE218F}.Ad-Hoc|x86.ActiveCfg = Release|x86
		{D3038AE5-28B5-4B2F-A988-999BB0FE218F}.AppStore|Any CPU.ActiveCfg = Release|x64
		{D3038AE5-28B5-4B2F-A988-999BB0FE218F}.AppStore|Any CPU.Build.0 = Release|x64
		{D3038AE5-28B5-4B2F-A988-999BB0FE218F}.AppStore|Any CPU.Deploy.0 = Release|x64
		{D3038AE5-28B5-4B2F-A988-999BB0FE218F}.AppStore|ARM.ActiveCfg = Release|ARM
		{D3038AE5-28B5-4B2F-A988-999BB0FE218F}.AppStore|ARM.Build.0 = Release|ARM
		{D3038AE5-28B5-4B2F-A988-999BB0FE218F}.AppStore|ARM.Deploy.0 = Release|ARM
		{D3038AE5-28B5-4B2F-A988-999BB0FE218F}.AppStore|iPhone.ActiveCfg = Release|x64
		{D3038AE5-28B5-4B2F-A988-999BB0FE218F}.AppStore|iPhoneSimulator.ActiveCfg = Release|x64
		{D3038AE5-28B5-4B2F-A988-999BB0FE218F}.AppStore|Mixed Platforms.ActiveCfg = Release|x86
		{D3038AE5-28B5-4B2F-A988-999BB0FE218F}.AppStore|Mixed Platforms.Build.0 = Release|x86
		{D3038AE5-28B5-4B2F-A988-999BB0FE218F}.AppStore|Mixed Platforms.Deploy.0 = Release|x86
		{D3038AE5-28B5-4B2F-A988-999BB0FE218F}.AppStore|x64.ActiveCfg = Release|x64
		{D3038AE5-28B5-4B2F-A988-999BB0FE218F}.AppStore|x64.Build.0 = Release|x64
		{D3038AE5-28B5-4B2F-A988-999BB0FE218F}.AppStore|x64.Deploy.0 = Release|x64
		{D3038AE5-28B5-4B2F-A988-999BB0FE218F}.AppStore|x86.ActiveCfg = Release|x86
		{D3038AE5-28B5-4B2F-A988-999BB0FE218F}.Debug|Any CPU.ActiveCfg = Debug|x86
		{D3038AE5-28B5-4B2F-A988-999BB0FE218F}.Debug|Any CPU.Build.0 = Debug|x86
		{D3038AE5-28B5-4B2F-A988-999BB0FE218F}.Debug|Any CPU.Deploy.0 = Debug|x86
		{D3038AE5-28B5-4B2F-A988-999BB0FE218F}.Debug|ARM.ActiveCfg = Debug|ARM
		{D3038AE5-28B5-4B2F-A988-999BB0FE218F}.Debug|ARM.Build.0 = Debug|ARM
		{D3038AE5-28B5-4B2F-A988-999BB0FE218F}.Debug|ARM.Deploy.0 = Debug|ARM
		{D3038AE5-28B5-4B2F-A988-999BB0FE218F}.Debug|iPhone.ActiveCfg = Debug|x86
		{D3038AE5-28B5-4B2F-A988-999BB0FE218F}.Debug|iPhoneSimulator.ActiveCfg = Debug|x86
		{D3038AE5-28B5-4B2F-A988-999BB0FE218F}.Debug|Mixed Platforms.ActiveCfg = Debug|x86
		{D3038AE5-28B5-4B2F-A988-999BB0FE218F}.Debug|Mixed Platforms.Build.0 = Debug|x86
		{D3038AE5-28B5-4B2F-A988-999BB0FE218F}.Debug|Mixed Platforms.Deploy.0 = Debug|x86
		{D3038AE5-28B5-4B2F-A988-999BB0FE218F}.Debug|x64.ActiveCfg = Debug|x64
		{D3038AE5-28B5-4B2F-A988-999BB0FE218F}.Debug|x64.Build.0 = Debug|x64
		{D3038AE5-28B5-4B2F-A988-999BB0FE218F}.Debug|x64.Deploy.0 = Debug|x64
		{D3038AE5-28B5-4B2F-A988-999BB0FE218F}.Debug|x86.ActiveCfg = Debug|x86
		{D3038AE5-28B5-4B2F-A988-999BB0FE218F}.Debug|x86.Build.0 = Debug|x86
		{D3038AE5-28B5-4B2F-A988-999BB0FE218F}.Debug|x86.Deploy.0 = Debug|x86
		{D3038AE5-28B5-4B2F-A988-999BB0FE218F}.Release|Any CPU.ActiveCfg = Release|x86
		{D3038AE5-28B5-4B2F-A988-999BB0FE218F}.Release|Any CPU.Build.0 = Release|x86
		{D3038AE5-28B5-4B2F-A988-999BB0FE218F}.Release|Any CPU.Deploy.0 = Release|x86
		{D3038AE5-28B5-4B2F-A988-999BB0FE218F}.Release|ARM.ActiveCfg = Release|ARM
		{D3038AE5-28B5-4B2F-A988-999BB0FE218F}.Release|ARM.Build.0 = Release|ARM
		{D3038AE5-28B5-4B2F-A988-999BB0FE218F}.Release|ARM.Deploy.0 = Release|ARM
		{D3038AE5-28B5-4B2F-A988-999BB0FE218F}.Release|iPhone.ActiveCfg = Release|x86
		{D3038AE5-28B5-4B2F-A988-999BB0FE218F}.Release|iPhoneSimulator.ActiveCfg = Release|x86
		{D3038AE5-28B5-4B2F-A988-999BB0FE218F}.Release|Mixed Platforms.ActiveCfg = Release|x86
		{D3038AE5-28B5-4B2F-A988-999BB0FE218F}.Release|Mixed Platforms.Build.0 = Release|x86
		{D3038AE5-28B5-4B2F-A988-999BB0FE218F}.Release|Mixed Platforms.Deploy.0 = Release|x86
		{D3038AE5-28B5-4B2F-A988-999BB0FE218F}.Release|x64.ActiveCfg = Release|x64
		{D3038AE5-28B5-4B2F-A988-999BB0FE218F}.Release|x64.Build.0 = Release|x64
		{D3038AE5-28B5-4B2F-A988-999BB0FE218F}.Release|x64.Deploy.0 = Release|x64
		{D3038AE5-28B5-4B2F-A988-999BB0FE218F}.Release|x86.ActiveCfg = Release|x86
		{D3038AE5-28B5-4B2F-A988-999BB0FE218F}.Release|x86.Build.0 = Release|x86
		{D3038AE5-28B5-4B2F-A988-999BB0FE218F}.Release|x86.Deploy.0 = Release|x86
	EndGlobalSection
	GlobalSection(SolutionProperties) = preSolution
		HideSolutionNode = FALSE
	EndGlobalSection
EndGlobal
